
Microsoft Visual Studio Solution File, Format Version 12.00
# Visual Studio Version 16
VisualStudioVersion = 16.0.29424.173
MinimumVisualStudioVersion = 10.0.40219.1
Project("{FAE04EC0-301F-11D3-BF4B-00C04F79EFBC}") = "libraryVueApp", "libraryVueApp.csproj", "{3257471B-08BD-4BC3-BB75-D97850975133}"
EndProject
Global
	GlobalSection(SolutionConfigurationPlatforms) = preSolution
		Debug|Any CPU = Debug|Any CPU
		Release|Any CPU = Release|Any CPU
	EndGlobalSection
	GlobalSection(ProjectConfigurationPlatforms) = postSolution
		{3257471B-08BD-4BC3-BB75-D97850975133}.Debug|Any CPU.ActiveCfg = Debug|Any CPU
		{3257471B-08BD-4BC3-BB75-D97850975133}.Debug|Any CPU.Build.0 = Debug|Any CPU
		{3257471B-08BD-4BC3-BB75-D97850975133}.Release|Any CPU.ActiveCfg = Release|Any CPU
		{3257471B-08BD-4BC3-BB75-D97850975133}.Release|Any CPU.Build.0 = Release|Any CPU
	EndGlobalSection
	GlobalSection(SolutionProperties) = preSolution
		HideSolutionNode = FALSE
	EndGlobalSection
	GlobalSection(ExtensibilityGlobals) = postSolution
		SolutionGuid = {6C5765D6-D2FC-4A6D-A625-27ABD16B892C}
	EndGlobalSection
EndGlobal
